{
  "version": 4,
  "terraform_version": "1.13.3",
  "serial": 38,
  "lineage": "2cbcdc14-e5d2-d454-6e89-bc717c35caa3",
  "outputs": {
    "availability_zones_used": {
      "value": {
        "az_a": "eu-west-3a",
        "az_b": "eu-west-3b"
      },
      "type": [
        "object",
        {
          "az_a": "string",
          "az_b": "string"
        }
      ]
    },
    "instance_a_public_ip": {
      "value": "15.237.186.155",
      "type": "string"
    },
    "instance_b_public_ip": {
      "value": "13.38.115.89",
      "type": "string"
    },
    "region": {
      "value": "eu-west-3",
      "type": "string"
    },
    "s3_docs_bucket_name": {
      "value": "atelier01-docs-231859be",
      "type": "string"
    },
    "vpc_id": {
      "value": "vpc-086ea204328728d88",
      "type": "string"
    }
  },
  "resources": [
    {
      "mode": "data",
      "type": "aws_ami",
      "name": "al2023",
      "provider": "provider[\"registry.terraform.io/hashicorp/aws\"]",
      "instances": [
        {
          "schema_version": 0,
          "attributes": {
            "allow_unsafe_filter": null,
            "architecture": "x86_64",
            "arn": "arn:aws:ec2:eu-west-3::image/ami-0db46fd0284cc5ec2",
            "block_device_mappings": [
              {
                "device_name": "/dev/xvda",
                "ebs": {
                  "delete_on_termination": "true",
                  "encrypted": "false",
                  "iops": "3000",
                  "snapshot_id": "snap-06c8e247804beb429",
                  "throughput": "125",
                  "volume_initialization_rate": "0",
                  "volume_size": "30",
                  "volume_type": "gp3"
                },
                "no_device": "",
                "virtual_name": ""
              }
            ],
            "boot_mode": "uefi-preferred",
            "creation_date": "2026-02-11T14:23:44.000Z",
            "deprecation_time": "2028-02-11T14:23:44.000Z",
            "description": "Amazon Linux AMI 2023.0.20260210 x86_64 ECS HVM EBS",
            "ena_support": true,
            "executable_users": null,
            "filter": [
              {
                "name": "name",
                "values": [
                  "al2023-ami-*-x86_64"
                ]
              },
              {
                "name": "root-device-type",
                "values": [
                  "ebs"
                ]
              },
              {
                "name": "virtualization-type",
                "values": [
                  "hvm"
                ]
              }
            ],
            "hypervisor": "xen",
            "id": "ami-0db46fd0284cc5ec2",
            "image_id": "ami-0db46fd0284cc5ec2",
            "image_location": "amazon/al2023-ami-ecs-hvm-2023.0.20260210-kernel-6.1-x86_64",
            "image_owner_alias": "amazon",
            "image_type": "machine",
            "imds_support": "v2.0",
            "include_deprecated": false,
            "kernel_id": "",
            "last_launched_time": "",
            "most_recent": true,
            "name": "al2023-ami-ecs-hvm-2023.0.20260210-kernel-6.1-x86_64",
            "name_regex": null,
            "owner_id": "591542846629",
            "owners": [
              "amazon"
            ],
            "platform": "",
            "platform_details": "Linux/UNIX",
            "product_codes": [],
            "public": true,
            "ramdisk_id": "",
            "region": "eu-west-3",
            "root_device_name": "/dev/xvda",
            "root_device_type": "ebs",
            "root_snapshot_id": "snap-06c8e247804beb429",
            "sriov_net_support": "simple",
            "state": "available",
            "state_reason": {
              "code": "UNSET",
              "message": "UNSET"
            },
            "tags": {},
            "timeouts": null,
            "tpm_support": "",
            "uefi_data": null,
            "usage_operation": "RunInstances",
            "virtualization_type": "hvm"
          },
          "sensitive_attributes": [],
          "identity_schema_version": 0
        }
      ]
    },
    {
      "mode": "data",
      "type": "aws_availability_zones",
      "name": "available",
      "provider": "provider[\"registry.terraform.io/hashicorp/aws\"]",
      "instances": [
        {
          "schema_version": 0,
          "attributes": {
            "all_availability_zones": null,
            "exclude_names": null,
            "exclude_zone_ids": null,
            "filter": null,
            "group_names": [
              "eu-west-3-zg-1"
            ],
            "id": "eu-west-3",
            "names": [
              "eu-west-3a",
              "eu-west-3b",
              "eu-west-3c"
            ],
            "region": "eu-west-3",
            "state": "available",
            "timeouts": null,
            "zone_ids": [
              "euw3-az1",
              "euw3-az2",
              "euw3-az3"
            ]
          },
          "sensitive_attributes": [],
          "identity_schema_version": 0
        }
      ]
    },
    {
      "mode": "managed",
      "type": "aws_ebs_volume",
      "name": "a_data_1",
      "provider": "provider[\"registry.terraform.io/hashicorp/aws\"]",
      "instances": [
        {
          "schema_version": 0,
          "attributes": {
            "arn": "arn:aws:ec2:eu-west-3:854844097136:volume/vol-05bcf86a5c6a0c852",
            "availability_zone": "eu-west-3a",
            "create_time": "2026-02-17T07:16:44Z",
            "encrypted": true,
            "final_snapshot": false,
            "id": "vol-05bcf86a5c6a0c852",
            "iops": 3000,
            "kms_key_id": "arn:aws:kms:eu-west-3:854844097136:key/6cf9f517-35b3-4c07-a49d-3ea428b221b3",
            "multi_attach_enabled": false,
            "outpost_arn": "",
            "region": "eu-west-3",
            "size": 8,
            "snapshot_id": "",
            "tags": {
              "Course": "TerraformAWS",
              "Instance": "web-a",
              "Name": "web-a-data-1",
              "Owner": "John Doe",
              "Project": "atelier01"
            },
            "tags_all": {
              "Course": "TerraformAWS",
              "Instance": "web-a",
              "Name": "web-a-data-1",
              "Owner": "John Doe",
              "Project": "atelier01"
            },
            "throughput": 125,
            "timeouts": null,
            "type": "gp3",
            "volume_initialization_rate": 0
          },
          "sensitive_attributes": [],
          "identity_schema_version": 0,
          "private": "eyJlMmJmYjczMC1lY2FhLTExZTYtOGY4OC0zNDM2M2JjN2M0YzAiOnsiY3JlYXRlIjozMDAwMDAwMDAwMDAsImRlbGV0ZSI6NjAwMDAwMDAwMDAwLCJ1cGRhdGUiOjMwMDAwMDAwMDAwMH19",
          "dependencies": [
            "data.aws_availability_zones.available"
          ]
        }
      ]
    },
    {
      "mode": "managed",
      "type": "aws_ebs_volume",
      "name": "a_data_2",
      "provider": "provider[\"registry.terraform.io/hashicorp/aws\"]",
      "instances": [
        {
          "schema_version": 0,
          "attributes": {
            "arn": "arn:aws:ec2:eu-west-3:854844097136:volume/vol-0e2d3ff712d12f738",
            "availability_zone": "eu-west-3a",
            "create_time": "2026-02-17T07:16:44Z",
            "encrypted": true,
            "final_snapshot": false,
            "id": "vol-0e2d3ff712d12f738",
            "iops": 3000,
            "kms_key_id": "arn:aws:kms:eu-west-3:854844097136:key/6cf9f517-35b3-4c07-a49d-3ea428b221b3",
            "multi_attach_enabled": false,
            "outpost_arn": "",
            "region": "eu-west-3",
            "size": 8,
            "snapshot_id": "",
            "tags": {
              "Course": "TerraformAWS",
              "Instance": "web-a",
              "Name": "web-a-data-2",
              "Owner": "John Doe",
              "Project": "atelier01"
            },
            "tags_all": {
              "Course": "TerraformAWS",
              "Instance": "web-a",
              "Name": "web-a-data-2",
              "Owner": "John Doe",
              "Project": "atelier01"
            },
            "throughput": 125,
            "timeouts": null,
            "type": "gp3",
            "volume_initialization_rate": 0
          },
          "sensitive_attributes": [],
          "identity_schema_version": 0,
          "private": "eyJlMmJmYjczMC1lY2FhLTExZTYtOGY4OC0zNDM2M2JjN2M0YzAiOnsiY3JlYXRlIjozMDAwMDAwMDAwMDAsImRlbGV0ZSI6NjAwMDAwMDAwMDAwLCJ1cGRhdGUiOjMwMDAwMDAwMDAwMH19",
          "dependencies": [
            "data.aws_availability_zones.available"
          ]
        }
      ]
    },
    {
      "mode": "managed",
      "type": "aws_ebs_volume",
      "name": "b_data_1",
      "provider": "provider[\"registry.terraform.io/hashicorp/aws\"]",
      "instances": [
        {
          "schema_version": 0,
          "attributes": {
            "arn": "arn:aws:ec2:eu-west-3:854844097136:volume/vol-0446ffc2932742ddf",
            "availability_zone": "eu-west-3b",
            "create_time": "2026-02-17T07:16:44Z",
            "encrypted": true,
            "final_snapshot": false,
            "id": "vol-0446ffc2932742ddf",
            "iops": 3000,
            "kms_key_id": "arn:aws:kms:eu-west-3:854844097136:key/6cf9f517-35b3-4c07-a49d-3ea428b221b3",
            "multi_attach_enabled": false,
            "outpost_arn": "",
            "region": "eu-west-3",
            "size": 8,
            "snapshot_id": "",
            "tags": {
              "Course": "TerraformAWS",
              "Instance": "web-b",
              "Name": "web-b-data-1",
              "Owner": "John Doe",
              "Project": "atelier01"
            },
            "tags_all": {
              "Course": "TerraformAWS",
              "Instance": "web-b",
              "Name": "web-b-data-1",
              "Owner": "John Doe",
              "Project": "atelier01"
            },
            "throughput": 125,
            "timeouts": null,
            "type": "gp3",
            "volume_initialization_rate": 0
          },
          "sensitive_attributes": [],
          "identity_schema_version": 0,
          "private": "eyJlMmJmYjczMC1lY2FhLTExZTYtOGY4OC0zNDM2M2JjN2M0YzAiOnsiY3JlYXRlIjozMDAwMDAwMDAwMDAsImRlbGV0ZSI6NjAwMDAwMDAwMDAwLCJ1cGRhdGUiOjMwMDAwMDAwMDAwMH19",
          "dependencies": [
            "data.aws_availability_zones.available"
          ]
        }
      ]
    },
    {
      "mode": "managed",
      "type": "aws_ebs_volume",
      "name": "b_data_2",
      "provider": "provider[\"registry.terraform.io/hashicorp/aws\"]",
      "instances": [
        {
          "schema_version": 0,
          "attributes": {
            "arn": "arn:aws:ec2:eu-west-3:854844097136:volume/vol-0d0ecd0ce451db99d",
            "availability_zone": "eu-west-3b",
            "create_time": "2026-02-17T07:16:44Z",
            "encrypted": true,
            "final_snapshot": false,
            "id": "vol-0d0ecd0ce451db99d",
            "iops": 3000,
            "kms_key_id": "arn:aws:kms:eu-west-3:854844097136:key/6cf9f517-35b3-4c07-a49d-3ea428b221b3",
            "multi_attach_enabled": false,
            "outpost_arn": "",
            "region": "eu-west-3",
            "size": 8,
            "snapshot_id": "",
            "tags": {
              "Course": "TerraformAWS",
              "Instance": "web-b",
              "Name": "web-b-data-2",
              "Owner": "John Doe",
              "Project": "atelier01"
            },
            "tags_all": {
              "Course": "TerraformAWS",
              "Instance": "web-b",
              "Name": "web-b-data-2",
              "Owner": "John Doe",
              "Project": "atelier01"
            },
            "throughput": 125,
            "timeouts": null,
            "type": "gp3",
            "volume_initialization_rate": 0
          },
          "sensitive_attributes": [],
          "identity_schema_version": 0,
          "private": "eyJlMmJmYjczMC1lY2FhLTExZTYtOGY4OC0zNDM2M2JjN2M0YzAiOnsiY3JlYXRlIjozMDAwMDAwMDAwMDAsImRlbGV0ZSI6NjAwMDAwMDAwMDAwLCJ1cGRhdGUiOjMwMDAwMDAwMDAwMH19",
          "dependencies": [
            "data.aws_availability_zones.available"
          ]
        }
      ]
    },
    {
      "mode": "managed",
      "type": "aws_instance",
      "name": "instance_a",
      "provider": "provider[\"registry.terraform.io/hashicorp/aws\"]",
      "instances": [
        {
          "schema_version": 2,
          "attributes": {
            "ami": "ami-0db46fd0284cc5ec2",
            "arn": "arn:aws:ec2:eu-west-3:854844097136:instance/i-0d4228e72eb902c37",
            "associate_public_ip_address": true,
            "availability_zone": "eu-west-3a",
            "capacity_reservation_specification": [
              {
                "capacity_reservation_preference": "open",
                "capacity_reservation_target": []
              }
            ],
            "cpu_options": [
              {
                "amd_sev_snp": "",
                "core_count": 1,
                "threads_per_core": 2
              }
            ],
            "credit_specification": [
              {
                "cpu_credits": "unlimited"
              }
            ],
            "disable_api_stop": false,
            "disable_api_termination": false,
            "ebs_block_device": [
              {
                "delete_on_termination": false,
                "device_name": "/dev/sdf",
                "encrypted": true,
                "iops": 3000,
                "kms_key_id": "arn:aws:kms:eu-west-3:854844097136:key/6cf9f517-35b3-4c07-a49d-3ea428b221b3",
                "snapshot_id": "",
                "tags": {
                  "Course": "TerraformAWS",
                  "Instance": "web-a",
                  "Name": "web-a-data-1",
                  "Owner": "John Doe",
                  "Project": "atelier01"
                },
                "tags_all": {
                  "Course": "TerraformAWS",
                  "Instance": "web-a",
                  "Name": "web-a-data-1",
                  "Owner": "John Doe",
                  "Project": "atelier01"
                },
                "throughput": 125,
                "volume_id": "vol-05bcf86a5c6a0c852",
                "volume_size": 8,
                "volume_type": "gp3"
              },
              {
                "delete_on_termination": false,
                "device_name": "/dev/sdg",
                "encrypted": true,
                "iops": 3000,
                "kms_key_id": "arn:aws:kms:eu-west-3:854844097136:key/6cf9f517-35b3-4c07-a49d-3ea428b221b3",
                "snapshot_id": "",
                "tags": {
                  "Course": "TerraformAWS",
                  "Instance": "web-a",
                  "Name": "web-a-data-2",
                  "Owner": "John Doe",
                  "Project": "atelier01"
                },
                "tags_all": {
                  "Course": "TerraformAWS",
                  "Instance": "web-a",
                  "Name": "web-a-data-2",
                  "Owner": "John Doe",
                  "Project": "atelier01"
                },
                "throughput": 125,
                "volume_id": "vol-0e2d3ff712d12f738",
                "volume_size": 8,
                "volume_type": "gp3"
              }
            ],
            "ebs_optimized": false,
            "enable_primary_ipv6": null,
            "enclave_options": [
              {
                "enabled": false
              }
            ],
            "ephemeral_block_device": [],
            "force_destroy": false,
            "get_password_data": false,
            "hibernation": false,
            "host_id": "",
            "host_resource_group_arn": null,
            "iam_instance_profile": "",
            "id": "i-0d4228e72eb902c37",
            "instance_initiated_shutdown_behavior": "stop",
            "instance_lifecycle": "",
            "instance_market_options": [],
            "instance_state": "running",
            "instance_type": "t3.micro",
            "ipv6_address_count": 0,
            "ipv6_addresses": [],
            "key_name": "",
            "launch_template": [],
            "maintenance_options": [
              {
                "auto_recovery": "default"
              }
            ],
            "metadata_options": [
              {
                "http_endpoint": "enabled",
                "http_protocol_ipv6": "disabled",
                "http_put_response_hop_limit": 2,
                "http_tokens": "required",
                "instance_metadata_tags": "disabled"
              }
            ],
            "monitoring": false,
            "network_interface": [],
            "outpost_arn": "",
            "password_data": "",
            "placement_group": "",
            "placement_group_id": "",
            "placement_partition_number": 0,
            "primary_network_interface": [
              {
                "delete_on_termination": true,
                "network_interface_id": "eni-011e5dda89e3f7fb6"
              }
            ],
            "primary_network_interface_id": "eni-011e5dda89e3f7fb6",
            "private_dns": "ip-10-10-1-201.eu-west-3.compute.internal",
            "private_dns_name_options": [
              {
                "enable_resource_name_dns_a_record": false,
                "enable_resource_name_dns_aaaa_record": false,
                "hostname_type": "ip-name"
              }
            ],
            "private_ip": "10.10.1.201",
            "public_dns": "ec2-15-237-186-155.eu-west-3.compute.amazonaws.com",
            "public_ip": "15.237.186.155",
            "region": "eu-west-3",
            "root_block_device": [
              {
                "delete_on_termination": true,
                "device_name": "/dev/xvda",
                "encrypted": true,
                "iops": 3000,
                "kms_key_id": "arn:aws:kms:eu-west-3:854844097136:key/6cf9f517-35b3-4c07-a49d-3ea428b221b3",
                "tags": {},
                "tags_all": {},
                "throughput": 125,
                "volume_id": "vol-06b868e4099d777a5",
                "volume_size": 30,
                "volume_type": "gp3"
              }
            ],
            "secondary_network_interface": [],
            "secondary_private_ips": [],
            "security_groups": [],
            "source_dest_check": true,
            "spot_instance_request_id": "",
            "subnet_id": "subnet-0f917c7cf11930e78",
            "tags": {
              "AZ": "eu-west-3a",
              "Course": "TerraformAWS",
              "Name": "web-a",
              "Owner": "John Doe",
              "Project": "atelier01"
            },
            "tags_all": {
              "AZ": "eu-west-3a",
              "Course": "TerraformAWS",
              "Name": "web-a",
              "Owner": "John Doe",
              "Project": "atelier01"
            },
            "tenancy": "default",
            "timeouts": null,
            "user_data": null,
            "user_data_base64": null,
            "user_data_replace_on_change": false,
            "volume_tags": null,
            "vpc_security_group_ids": [
              "sg-0ca399fad8a050801"
            ]
          },
          "sensitive_attributes": [],
          "identity_schema_version": 0,
          "identity": {
            "account_id": "854844097136",
            "id": "i-0d4228e72eb902c37",
            "region": "eu-west-3"
          },
          "private": "eyJlMmJmYjczMC1lY2FhLTExZTYtOGY4OC0zNDM2M2JjN2M0YzAiOnsiY3JlYXRlIjo2MDAwMDAwMDAwMDAsImRlbGV0ZSI6MTIwMDAwMDAwMDAwMCwicmVhZCI6OTAwMDAwMDAwMDAwLCJ1cGRhdGUiOjYwMDAwMDAwMDAwMH0sInNjaGVtYV92ZXJzaW9uIjoiMiJ9",
          "dependencies": [
            "aws_security_group.instance_sg",
            "aws_subnet.subnet_a",
            "aws_vpc.main",
            "data.aws_ami.al2023",
            "data.aws_availability_zones.available"
          ]
        }
      ]
    },
    {
      "mode": "managed",
      "type": "aws_instance",
      "name": "instance_b",
      "provider": "provider[\"registry.terraform.io/hashicorp/aws\"]",
      "instances": [
        {
          "schema_version": 2,
          "attributes": {
            "ami": "ami-0db46fd0284cc5ec2",
            "arn": "arn:aws:ec2:eu-west-3:854844097136:instance/i-0d89e184ca8d2d002",
            "associate_public_ip_address": true,
            "availability_zone": "eu-west-3b",
            "capacity_reservation_specification": [
              {
                "capacity_reservation_preference": "open",
                "capacity_reservation_target": []
              }
            ],
            "cpu_options": [
              {
                "amd_sev_snp": "",
                "core_count": 1,
                "threads_per_core": 2
              }
            ],
            "credit_specification": [
              {
                "cpu_credits": "unlimited"
              }
            ],
            "disable_api_stop": false,
            "disable_api_termination": false,
            "ebs_block_device": [
              {
                "delete_on_termination": false,
                "device_name": "/dev/sdf",
                "encrypted": true,
                "iops": 3000,
                "kms_key_id": "arn:aws:kms:eu-west-3:854844097136:key/6cf9f517-35b3-4c07-a49d-3ea428b221b3",
                "snapshot_id": "",
                "tags": {
                  "Course": "TerraformAWS",
                  "Instance": "web-b",
                  "Name": "web-b-data-1",
                  "Owner": "John Doe",
                  "Project": "atelier01"
                },
                "tags_all": {
                  "Course": "TerraformAWS",
                  "Instance": "web-b",
                  "Name": "web-b-data-1",
                  "Owner": "John Doe",
                  "Project": "atelier01"
                },
                "throughput": 125,
                "volume_id": "vol-0446ffc2932742ddf",
                "volume_size": 8,
                "volume_type": "gp3"
              },
              {
                "delete_on_termination": false,
                "device_name": "/dev/sdg",
                "encrypted": true,
                "iops": 3000,
                "kms_key_id": "arn:aws:kms:eu-west-3:854844097136:key/6cf9f517-35b3-4c07-a49d-3ea428b221b3",
                "snapshot_id": "",
                "tags": {
                  "Course": "TerraformAWS",
                  "Instance": "web-b",
                  "Name": "web-b-data-2",
                  "Owner": "John Doe",
                  "Project": "atelier01"
                },
                "tags_all": {
                  "Course": "TerraformAWS",
                  "Instance": "web-b",
                  "Name": "web-b-data-2",
                  "Owner": "John Doe",
                  "Project": "atelier01"
                },
                "throughput": 125,
                "volume_id": "vol-0d0ecd0ce451db99d",
                "volume_size": 8,
                "volume_type": "gp3"
              }
            ],
            "ebs_optimized": false,
            "enable_primary_ipv6": null,
            "enclave_options": [
              {
                "enabled": false
              }
            ],
            "ephemeral_block_device": [],
            "force_destroy": false,
            "get_password_data": false,
            "hibernation": false,
            "host_id": "",
            "host_resource_group_arn": null,
            "iam_instance_profile": "",
            "id": "i-0d89e184ca8d2d002",
            "instance_initiated_shutdown_behavior": "stop",
            "instance_lifecycle": "",
            "instance_market_options": [],
            "instance_state": "running",
            "instance_type": "t3.micro",
            "ipv6_address_count": 0,
            "ipv6_addresses": [],
            "key_name": "",
            "launch_template": [],
            "maintenance_options": [
              {
                "auto_recovery": "default"
              }
            ],
            "metadata_options": [
              {
                "http_endpoint": "enabled",
                "http_protocol_ipv6": "disabled",
                "http_put_response_hop_limit": 2,
                "http_tokens": "required",
                "instance_metadata_tags": "disabled"
              }
            ],
            "monitoring": false,
            "network_interface": [],
            "outpost_arn": "",
            "password_data": "",
            "placement_group": "",
            "placement_group_id": "",
            "placement_partition_number": 0,
            "primary_network_interface": [
              {
                "delete_on_termination": true,
                "network_interface_id": "eni-0115a3ee635772da9"
              }
            ],
            "primary_network_interface_id": "eni-0115a3ee635772da9",
            "private_dns": "ip-10-10-2-52.eu-west-3.compute.internal",
            "private_dns_name_options": [
              {
                "enable_resource_name_dns_a_record": false,
                "enable_resource_name_dns_aaaa_record": false,
                "hostname_type": "ip-name"
              }
            ],
            "private_ip": "10.10.2.52",
            "public_dns": "ec2-13-38-115-89.eu-west-3.compute.amazonaws.com",
            "public_ip": "13.38.115.89",
            "region": "eu-west-3",
            "root_block_device": [
              {
                "delete_on_termination": true,
                "device_name": "/dev/xvda",
                "encrypted": true,
                "iops": 3000,
                "kms_key_id": "arn:aws:kms:eu-west-3:854844097136:key/6cf9f517-35b3-4c07-a49d-3ea428b221b3",
                "tags": {},
                "tags_all": {},
                "throughput": 125,
                "volume_id": "vol-0ab670cc34effaf4e",
                "volume_size": 30,
                "volume_type": "gp3"
              }
            ],
            "secondary_network_interface": [],
            "secondary_private_ips": [],
            "security_groups": [],
            "source_dest_check": true,
            "spot_instance_request_id": "",
            "subnet_id": "subnet-04647392f47c73019",
            "tags": {
              "AZ": "eu-west-3b",
              "Course": "TerraformAWS",
              "Name": "web-b",
              "Owner": "John Doe",
              "Project": "atelier01"
            },
            "tags_all": {
              "AZ": "eu-west-3b",
              "Course": "TerraformAWS",
              "Name": "web-b",
              "Owner": "John Doe",
              "Project": "atelier01"
            },
            "tenancy": "default",
            "timeouts": null,
            "user_data": null,
            "user_data_base64": null,
            "user_data_replace_on_change": false,
            "volume_tags": null,
            "vpc_security_group_ids": [
              "sg-0ca399fad8a050801"
            ]
          },
          "sensitive_attributes": [],
          "identity_schema_version": 0,
          "identity": {
            "account_id": "854844097136",
            "id": "i-0d89e184ca8d2d002",
            "region": "eu-west-3"
          },
          "private": "eyJlMmJmYjczMC1lY2FhLTExZTYtOGY4OC0zNDM2M2JjN2M0YzAiOnsiY3JlYXRlIjo2MDAwMDAwMDAwMDAsImRlbGV0ZSI6MTIwMDAwMDAwMDAwMCwicmVhZCI6OTAwMDAwMDAwMDAwLCJ1cGRhdGUiOjYwMDAwMDAwMDAwMH0sInNjaGVtYV92ZXJzaW9uIjoiMiJ9",
          "dependencies": [
            "aws_security_group.instance_sg",
            "aws_subnet.subnet_b",
            "aws_vpc.main",
            "data.aws_ami.al2023",
            "data.aws_availability_zones.available"
          ]
        }
      ]
    },
    {
      "mode": "managed",
      "type": "aws_internet_gateway",
      "name": "igw",
      "provider": "provider[\"registry.terraform.io/hashicorp/aws\"]",
      "instances": [
        {
          "schema_version": 0,
          "attributes": {
            "arn": "arn:aws:ec2:eu-west-3:854844097136:internet-gateway/igw-09fa0f111556c5d5a",
            "id": "igw-09fa0f111556c5d5a",
            "owner_id": "854844097136",
            "region": "eu-west-3",
            "tags": {
              "Course": "TerraformAWS",
              "Name": "atelier01-igw",
              "Owner": "John Doe",
              "Project": "atelier01"
            },
            "tags_all": {
              "Course": "TerraformAWS",
              "Name": "atelier01-igw",
              "Owner": "John Doe",
              "Project": "atelier01"
            },
            "timeouts": null,
            "vpc_id": "vpc-086ea204328728d88"
          },
          "sensitive_attributes": [],
          "identity_schema_version": 0,
          "private": "eyJlMmJmYjczMC1lY2FhLTExZTYtOGY4OC0zNDM2M2JjN2M0YzAiOnsiY3JlYXRlIjoxMjAwMDAwMDAwMDAwLCJkZWxldGUiOjEyMDAwMDAwMDAwMDAsInVwZGF0ZSI6MTIwMDAwMDAwMDAwMH19",
          "dependencies": [
            "aws_vpc.main"
          ]
        }
      ]
    },
    {
      "mode": "managed",
      "type": "aws_route",
      "name": "default_inet",
      "provider": "provider[\"registry.terraform.io/hashicorp/aws\"]",
      "instances": [
        {
          "schema_version": 0,
          "attributes": {
            "carrier_gateway_id": "",
            "core_network_arn": "",
            "destination_cidr_block": "0.0.0.0/0",
            "destination_ipv6_cidr_block": "",
            "destination_prefix_list_id": "",
            "egress_only_gateway_id": "",
            "gateway_id": "igw-09fa0f111556c5d5a",
            "id": "r-rtb-065a2bdcd8fa1971a1080289494",
            "instance_id": "",
            "instance_owner_id": "",
            "local_gateway_id": "",
            "nat_gateway_id": "",
            "network_interface_id": "",
            "origin": "CreateRoute",
            "region": "eu-west-3",
            "route_table_id": "rtb-065a2bdcd8fa1971a",
            "state": "active",
            "timeouts": null,
            "transit_gateway_id": "",
            "vpc_endpoint_id": "",
            "vpc_peering_connection_id": ""
          },
          "sensitive_attributes": [],
          "identity_schema_version": 0,
          "identity": {
            "account_id": "854844097136",
            "destination_cidr_block": "0.0.0.0/0",
            "destination_ipv6_cidr_block": null,
            "destination_prefix_list_id": null,
            "region": "eu-west-3",
            "route_table_id": "rtb-065a2bdcd8fa1971a"
          },
          "private": "eyJlMmJmYjczMC1lY2FhLTExZTYtOGY4OC0zNDM2M2JjN2M0YzAiOnsiY3JlYXRlIjozMDAwMDAwMDAwMDAsImRlbGV0ZSI6MzAwMDAwMDAwMDAwLCJ1cGRhdGUiOjEyMDAwMDAwMDAwMH19",
          "dependencies": [
            "aws_internet_gateway.igw",
            "aws_route_table.public",
            "aws_vpc.main"
          ]
        }
      ]
    },
    {
      "mode": "managed",
      "type": "aws_route_table",
      "name": "public",
      "provider": "provider[\"registry.terraform.io/hashicorp/aws\"]",
      "instances": [
        {
          "schema_version": 0,
          "attributes": {
            "arn": "arn:aws:ec2:eu-west-3:854844097136:route-table/rtb-065a2bdcd8fa1971a",
            "id": "rtb-065a2bdcd8fa1971a",
            "owner_id": "854844097136",
            "propagating_vgws": [],
            "region": "eu-west-3",
            "route": [
              {
                "carrier_gateway_id": "",
                "cidr_block": "0.0.0.0/0",
                "core_network_arn": "",
                "destination_prefix_list_id": "",
                "egress_only_gateway_id": "",
                "gateway_id": "igw-09fa0f111556c5d5a",
                "ipv6_cidr_block": "",
                "local_gateway_id": "",
                "nat_gateway_id": "",
                "network_interface_id": "",
                "transit_gateway_id": "",
                "vpc_endpoint_id": "",
                "vpc_peering_connection_id": ""
              }
            ],
            "tags": {
              "Course": "TerraformAWS",
              "Name": "atelier01-rt-public",
              "Owner": "John Doe",
              "Project": "atelier01"
            },
            "tags_all": {
              "Course": "TerraformAWS",
              "Name": "atelier01-rt-public",
              "Owner": "John Doe",
              "Project": "atelier01"
            },
            "timeouts": null,
            "vpc_id": "vpc-086ea204328728d88"
          },
          "sensitive_attributes": [],
          "identity_schema_version": 0,
          "identity": {
            "account_id": "854844097136",
            "id": "rtb-065a2bdcd8fa1971a",
            "region": "eu-west-3"
          },
          "private": "eyJlMmJmYjczMC1lY2FhLTExZTYtOGY4OC0zNDM2M2JjN2M0YzAiOnsiY3JlYXRlIjozMDAwMDAwMDAwMDAsImRlbGV0ZSI6MzAwMDAwMDAwMDAwLCJ1cGRhdGUiOjEyMDAwMDAwMDAwMH19",
          "dependencies": [
            "aws_vpc.main"
          ]
        }
      ]
    },
    {
      "mode": "managed",
      "type": "aws_route_table_association",
      "name": "a",
      "provider": "provider[\"registry.terraform.io/hashicorp/aws\"]",
      "instances": [
        {
          "schema_version": 0,
          "attributes": {
            "gateway_id": "",
            "id": "rtbassoc-0c474c2e733d88b2e",
            "region": "eu-west-3",
            "route_table_id": "rtb-065a2bdcd8fa1971a",
            "subnet_id": "subnet-0f917c7cf11930e78",
            "timeouts": null
          },
          "sensitive_attributes": [],
          "identity_schema_version": 0,
          "private": "eyJlMmJmYjczMC1lY2FhLTExZTYtOGY4OC0zNDM2M2JjN2M0YzAiOnsiY3JlYXRlIjozMDAwMDAwMDAwMDAsImRlbGV0ZSI6MzAwMDAwMDAwMDAwLCJ1cGRhdGUiOjEyMDAwMDAwMDAwMH19",
          "dependencies": [
            "aws_route_table.public",
            "aws_subnet.subnet_a",
            "aws_vpc.main",
            "data.aws_availability_zones.available"
          ]
        }
      ]
    },
    {
      "mode": "managed",
      "type": "aws_route_table_association",
      "name": "b",
      "provider": "provider[\"registry.terraform.io/hashicorp/aws\"]",
      "instances": [
        {
          "schema_version": 0,
          "attributes": {
            "gateway_id": "",
            "id": "rtbassoc-001429c5f63a97347",
            "region": "eu-west-3",
            "route_table_id": "rtb-065a2bdcd8fa1971a",
            "subnet_id": "subnet-04647392f47c73019",
            "timeouts": null
          },
          "sensitive_attributes": [],
          "identity_schema_version": 0,
          "private": "eyJlMmJmYjczMC1lY2FhLTExZTYtOGY4OC0zNDM2M2JjN2M0YzAiOnsiY3JlYXRlIjozMDAwMDAwMDAwMDAsImRlbGV0ZSI6MzAwMDAwMDAwMDAwLCJ1cGRhdGUiOjEyMDAwMDAwMDAwMH19",
          "dependencies": [
            "aws_route_table.public",
            "aws_subnet.subnet_b",
            "aws_vpc.main",
            "data.aws_availability_zones.available"
          ]
        }
      ]
    },
    {
      "mode": "managed",
      "type": "aws_s3_bucket",
      "name": "docs",
      "provider": "provider[\"registry.terraform.io/hashicorp/aws\"]",
      "instances": [
        {
          "schema_version": 0,
          "attributes": {
            "acceleration_status": "",
            "acl": null,
            "arn": "arn:aws:s3:::atelier01-docs-231859be",
            "bucket": "atelier01-docs-231859be",
            "bucket_domain_name": "atelier01-docs-231859be.s3.amazonaws.com",
            "bucket_prefix": "",
            "bucket_region": "eu-west-3",
            "bucket_regional_domain_name": "atelier01-docs-231859be.s3.eu-west-3.amazonaws.com",
            "cors_rule": [],
            "force_destroy": false,
            "grant": [
              {
                "id": "45d0877be1405362f626d06c16a6ce7a82345612998e068ef167b6d16d3c82b9",
                "permissions": [
                  "FULL_CONTROL"
                ],
                "type": "CanonicalUser",
                "uri": ""
              }
            ],
            "hosted_zone_id": "Z3R1K369G5AVDG",
            "id": "atelier01-docs-231859be",
            "lifecycle_rule": [],
            "logging": [],
            "object_lock_configuration": [],
            "object_lock_enabled": false,
            "policy": "",
            "region": "eu-west-3",
            "replication_configuration": [],
            "request_payer": "BucketOwner",
            "server_side_encryption_configuration": [
              {
                "rule": [
                  {
                    "apply_server_side_encryption_by_default": [
                      {
                        "kms_master_key_id": "",
                        "sse_algorithm": "AES256"
                      }
                    ],
                    "bucket_key_enabled": false
                  }
                ]
              }
            ],
            "tags": {
              "Course": "TerraformAWS",
              "Name": "atelier01-docs",
              "Owner": "John Doe",
              "Project": "atelier01"
            },
            "tags_all": {
              "Course": "TerraformAWS",
              "Name": "atelier01-docs",
              "Owner": "John Doe",
              "Project": "atelier01"
            },
            "timeouts": null,
            "versioning": [
              {
                "enabled": true,
                "mfa_delete": false
              }
            ],
            "website": [],
            "website_domain": null,
            "website_endpoint": null
          },
          "sensitive_attributes": [],
          "identity_schema_version": 0,
          "identity": {
            "account_id": "854844097136",
            "bucket": "atelier01-docs-231859be",
            "region": "eu-west-3"
          },
          "private": "eyJlMmJmYjczMC1lY2FhLTExZTYtOGY4OC0zNDM2M2JjN2M0YzAiOnsiY3JlYXRlIjoxMjAwMDAwMDAwMDAwLCJkZWxldGUiOjM2MDAwMDAwMDAwMDAsInJlYWQiOjEyMDAwMDAwMDAwMDAsInVwZGF0ZSI6MTIwMDAwMDAwMDAwMH19",
          "dependencies": [
            "random_id.bucket_suffix"
          ]
        }
      ]
    },
    {
      "mode": "managed",
      "type": "aws_s3_bucket_public_access_block",
      "name": "docs",
      "provider": "provider[\"registry.terraform.io/hashicorp/aws\"]",
      "instances": [
        {
          "schema_version": 0,
          "attributes": {
            "block_public_acls": true,
            "block_public_policy": true,
            "bucket": "atelier01-docs-231859be",
            "id": "atelier01-docs-231859be",
            "ignore_public_acls": true,
            "region": "eu-west-3",
            "restrict_public_buckets": true,
            "skip_destroy": null
          },
          "sensitive_attributes": [],
          "identity_schema_version": 0,
          "identity": {
            "account_id": "854844097136",
            "bucket": "atelier01-docs-231859be",
            "region": "eu-west-3"
          },
          "private": "bnVsbA==",
          "dependencies": [
            "aws_s3_bucket.docs",
            "random_id.bucket_suffix"
          ]
        }
      ]
    },
    {
      "mode": "managed",
      "type": "aws_s3_bucket_server_side_encryption_configuration",
      "name": "docs",
      "provider": "provider[\"registry.terraform.io/hashicorp/aws\"]",
      "instances": [
        {
          "schema_version": 0,
          "attributes": {
            "bucket": "atelier01-docs-231859be",
            "expected_bucket_owner": "",
            "id": "atelier01-docs-231859be",
            "region": "eu-west-3",
            "rule": [
              {
                "apply_server_side_encryption_by_default": [
                  {
                    "kms_master_key_id": "",
                    "sse_algorithm": "AES256"
                  }
                ],
                "blocked_encryption_types": [],
                "bucket_key_enabled": false
              }
            ]
          },
          "sensitive_attributes": [],
          "identity_schema_version": 1,
          "identity": {
            "account_id": "854844097136",
            "bucket": "atelier01-docs-231859be",
            "region": "eu-west-3"
          },
          "private": "bnVsbA==",
          "dependencies": [
            "aws_s3_bucket.docs",
            "random_id.bucket_suffix"
          ]
        }
      ]
    },
    {
      "mode": "managed",
      "type": "aws_s3_bucket_versioning",
      "name": "docs",
      "provider": "provider[\"registry.terraform.io/hashicorp/aws\"]",
      "instances": [
        {
          "schema_version": 0,
          "attributes": {
            "bucket": "atelier01-docs-231859be",
            "expected_bucket_owner": "",
            "id": "atelier01-docs-231859be",
            "mfa": null,
            "region": "eu-west-3",
            "versioning_configuration": [
              {
                "mfa_delete": "",
                "status": "Enabled"
              }
            ]
          },
          "sensitive_attributes": [],
          "identity_schema_version": 1,
          "identity": {
            "account_id": "854844097136",
            "bucket": "atelier01-docs-231859be",
            "region": "eu-west-3"
          },
          "private": "bnVsbA==",
          "dependencies": [
            "aws_s3_bucket.docs",
            "random_id.bucket_suffix"
          ]
        }
      ]
    },
    {
      "mode": "managed",
      "type": "aws_security_group",
      "name": "instance_sg",
      "provider": "provider[\"registry.terraform.io/hashicorp/aws\"]",
      "instances": [
        {
          "schema_version": 1,
          "attributes": {
            "arn": "arn:aws:ec2:eu-west-3:854844097136:security-group/sg-0ca399fad8a050801",
            "description": "SG atelier: SSH + ICMP",
            "egress": [
              {
                "cidr_blocks": [
                  "0.0.0.0/0"
                ],
                "description": "All outbound",
                "from_port": 0,
                "ipv6_cidr_blocks": [],
                "prefix_list_ids": [],
                "protocol": "-1",
                "security_groups": [],
                "self": false,
                "to_port": 0
              }
            ],
            "id": "sg-0ca399fad8a050801",
            "ingress": [
              {
                "cidr_blocks": [
                  "0.0.0.0/0"
                ],
                "description": "ICMP (ping)",
                "from_port": -1,
                "ipv6_cidr_blocks": [],
                "prefix_list_ids": [],
                "protocol": "icmp",
                "security_groups": [],
                "self": false,
                "to_port": -1
              },
              {
                "cidr_blocks": [
                  "0.0.0.0/0"
                ],
                "description": "SSH",
                "from_port": 22,
                "ipv6_cidr_blocks": [],
                "prefix_list_ids": [],
                "protocol": "tcp",
                "security_groups": [],
                "self": false,
                "to_port": 22
              }
            ],
            "name": "atelier01-sg",
            "name_prefix": "",
            "owner_id": "854844097136",
            "region": "eu-west-3",
            "revoke_rules_on_delete": false,
            "tags": {
              "Course": "TerraformAWS",
              "Name": "atelier01-sg",
              "Owner": "John Doe",
              "Project": "atelier01"
            },
            "tags_all": {
              "Course": "TerraformAWS",
              "Name": "atelier01-sg",
              "Owner": "John Doe",
              "Project": "atelier01"
            },
            "timeouts": null,
            "vpc_id": "vpc-086ea204328728d88"
          },
          "sensitive_attributes": [],
          "identity_schema_version": 0,
          "identity": {
            "account_id": "854844097136",
            "id": "sg-0ca399fad8a050801",
            "region": "eu-west-3"
          },
          "private": "eyJlMmJmYjczMC1lY2FhLTExZTYtOGY4OC0zNDM2M2JjN2M0YzAiOnsiY3JlYXRlIjo2MDAwMDAwMDAwMDAsImRlbGV0ZSI6OTAwMDAwMDAwMDAwfSwic2NoZW1hX3ZlcnNpb24iOiIxIn0=",
          "dependencies": [
            "aws_vpc.main"
          ]
        }
      ]
    },
    {
      "mode": "managed",
      "type": "aws_subnet",
      "name": "subnet_a",
      "provider": "provider[\"registry.terraform.io/hashicorp/aws\"]",
      "instances": [
        {
          "schema_version": 1,
          "attributes": {
            "arn": "arn:aws:ec2:eu-west-3:854844097136:subnet/subnet-0f917c7cf11930e78",
            "assign_ipv6_address_on_creation": false,
            "availability_zone": "eu-west-3a",
            "availability_zone_id": "euw3-az1",
            "cidr_block": "10.10.1.0/24",
            "customer_owned_ipv4_pool": "",
            "enable_dns64": false,
            "enable_lni_at_device_index": 0,
            "enable_resource_name_dns_a_record_on_launch": false,
            "enable_resource_name_dns_aaaa_record_on_launch": false,
            "id": "subnet-0f917c7cf11930e78",
            "ipv4_ipam_pool_id": null,
            "ipv4_netmask_length": null,
            "ipv6_cidr_block": "",
            "ipv6_cidr_block_association_id": "",
            "ipv6_ipam_pool_id": null,
            "ipv6_native": false,
            "ipv6_netmask_length": null,
            "map_customer_owned_ip_on_launch": false,
            "map_public_ip_on_launch": true,
            "outpost_arn": "",
            "owner_id": "854844097136",
            "private_dns_hostname_type_on_launch": "ip-name",
            "region": "eu-west-3",
            "tags": {
              "Course": "TerraformAWS",
              "Name": "atelier01-subnet-a",
              "Owner": "John Doe",
              "Project": "atelier01"
            },
            "tags_all": {
              "Course": "TerraformAWS",
              "Name": "atelier01-subnet-a",
              "Owner": "John Doe",
              "Project": "atelier01"
            },
            "timeouts": null,
            "vpc_id": "vpc-086ea204328728d88"
          },
          "sensitive_attributes": [],
          "identity_schema_version": 0,
          "identity": {
            "account_id": "854844097136",
            "id": "subnet-0f917c7cf11930e78",
            "region": "eu-west-3"
          },
          "private": "eyJlMmJmYjczMC1lY2FhLTExZTYtOGY4OC0zNDM2M2JjN2M0YzAiOnsiY3JlYXRlIjo2MDAwMDAwMDAwMDAsImRlbGV0ZSI6MTIwMDAwMDAwMDAwMH0sInNjaGVtYV92ZXJzaW9uIjoiMSJ9",
          "dependencies": [
            "aws_vpc.main",
            "data.aws_availability_zones.available"
          ]
        }
      ]
    },
    {
      "mode": "managed",
      "type": "aws_subnet",
      "name": "subnet_b",
      "provider": "provider[\"registry.terraform.io/hashicorp/aws\"]",
      "instances": [
        {
          "schema_version": 1,
          "attributes": {
            "arn": "arn:aws:ec2:eu-west-3:854844097136:subnet/subnet-04647392f47c73019",
            "assign_ipv6_address_on_creation": false,
            "availability_zone": "eu-west-3b",
            "availability_zone_id": "euw3-az2",
            "cidr_block": "10.10.2.0/24",
            "customer_owned_ipv4_pool": "",
            "enable_dns64": false,
            "enable_lni_at_device_index": 0,
            "enable_resource_name_dns_a_record_on_launch": false,
            "enable_resource_name_dns_aaaa_record_on_launch": false,
            "id": "subnet-04647392f47c73019",
            "ipv4_ipam_pool_id": null,
            "ipv4_netmask_length": null,
            "ipv6_cidr_block": "",
            "ipv6_cidr_block_association_id": "",
            "ipv6_ipam_pool_id": null,
            "ipv6_native": false,
            "ipv6_netmask_length": null,
            "map_customer_owned_ip_on_launch": false,
            "map_public_ip_on_launch": true,
            "outpost_arn": "",
            "owner_id": "854844097136",
            "private_dns_hostname_type_on_launch": "ip-name",
            "region": "eu-west-3",
            "tags": {
              "Course": "TerraformAWS",
              "Name": "atelier01-subnet-b",
              "Owner": "John Doe",
              "Project": "atelier01"
            },
            "tags_all": {
              "Course": "TerraformAWS",
              "Name": "atelier01-subnet-b",
              "Owner": "John Doe",
              "Project": "atelier01"
            },
            "timeouts": null,
            "vpc_id": "vpc-086ea204328728d88"
          },
          "sensitive_attributes": [],
          "identity_schema_version": 0,
          "identity": {
            "account_id": "854844097136",
            "id": "subnet-04647392f47c73019",
            "region": "eu-west-3"
          },
          "private": "eyJlMmJmYjczMC1lY2FhLTExZTYtOGY4OC0zNDM2M2JjN2M0YzAiOnsiY3JlYXRlIjo2MDAwMDAwMDAwMDAsImRlbGV0ZSI6MTIwMDAwMDAwMDAwMH0sInNjaGVtYV92ZXJzaW9uIjoiMSJ9",
          "dependencies": [
            "aws_vpc.main",
            "data.aws_availability_zones.available"
          ]
        }
      ]
    },
    {
      "mode": "managed",
      "type": "aws_volume_attachment",
      "name": "a_attach_1",
      "provider": "provider[\"registry.terraform.io/hashicorp/aws\"]",
      "instances": [
        {
          "schema_version": 0,
          "attributes": {
            "device_name": "/dev/sdf",
            "force_detach": null,
            "id": "vai-618116693",
            "instance_id": "i-0d4228e72eb902c37",
            "region": "eu-west-3",
            "skip_destroy": null,
            "stop_instance_before_detaching": null,
            "timeouts": null,
            "volume_id": "vol-05bcf86a5c6a0c852"
          },
          "sensitive_attributes": [],
          "identity_schema_version": 0,
          "private": "eyJlMmJmYjczMC1lY2FhLTExZTYtOGY4OC0zNDM2M2JjN2M0YzAiOnsiY3JlYXRlIjozMDAwMDAwMDAwMDAsImRlbGV0ZSI6MzAwMDAwMDAwMDAwfX0=",
          "dependencies": [
            "aws_ebs_volume.a_data_1",
            "aws_instance.instance_a",
            "aws_security_group.instance_sg",
            "aws_subnet.subnet_a",
            "aws_vpc.main",
            "data.aws_ami.al2023",
            "data.aws_availability_zones.available"
          ]
        }
      ]
    },
    {
      "mode": "managed",
      "type": "aws_volume_attachment",
      "name": "a_attach_2",
      "provider": "provider[\"registry.terraform.io/hashicorp/aws\"]",
      "instances": [
        {
          "schema_version": 0,
          "attributes": {
            "device_name": "/dev/sdg",
            "force_detach": null,
            "id": "vai-2419664076",
            "instance_id": "i-0d4228e72eb902c37",
            "region": "eu-west-3",
            "skip_destroy": null,
            "stop_instance_before_detaching": null,
            "timeouts": null,
            "volume_id": "vol-0e2d3ff712d12f738"
          },
          "sensitive_attributes": [],
          "identity_schema_version": 0,
          "private": "eyJlMmJmYjczMC1lY2FhLTExZTYtOGY4OC0zNDM2M2JjN2M0YzAiOnsiY3JlYXRlIjozMDAwMDAwMDAwMDAsImRlbGV0ZSI6MzAwMDAwMDAwMDAwfX0=",
          "dependencies": [
            "aws_ebs_volume.a_data_2",
            "aws_instance.instance_a",
            "aws_security_group.instance_sg",
            "aws_subnet.subnet_a",
            "aws_vpc.main",
            "data.aws_ami.al2023",
            "data.aws_availability_zones.available"
          ]
        }
      ]
    },
    {
      "mode": "managed",
      "type": "aws_volume_attachment",
      "name": "b_attach_1",
      "provider": "provider[\"registry.terraform.io/hashicorp/aws\"]",
      "instances": [
        {
          "schema_version": 0,
          "attributes": {
            "device_name": "/dev/sdf",
            "force_detach": null,
            "id": "vai-2440016989",
            "instance_id": "i-0d89e184ca8d2d002",
            "region": "eu-west-3",
            "skip_destroy": null,
            "stop_instance_before_detaching": null,
            "timeouts": null,
            "volume_id": "vol-0446ffc2932742ddf"
          },
          "sensitive_attributes": [],
          "identity_schema_version": 0,
          "private": "eyJlMmJmYjczMC1lY2FhLTExZTYtOGY4OC0zNDM2M2JjN2M0YzAiOnsiY3JlYXRlIjozMDAwMDAwMDAwMDAsImRlbGV0ZSI6MzAwMDAwMDAwMDAwfX0=",
          "dependencies": [
            "aws_ebs_volume.b_data_1",
            "aws_instance.instance_b",
            "aws_security_group.instance_sg",
            "aws_subnet.subnet_b",
            "aws_vpc.main",
            "data.aws_ami.al2023",
            "data.aws_availability_zones.available"
          ]
        }
      ]
    },
    {
      "mode": "managed",
      "type": "aws_volume_attachment",
      "name": "b_attach_2",
      "provider": "provider[\"registry.terraform.io/hashicorp/aws\"]",
      "instances": [
        {
          "schema_version": 0,
          "attributes": {
            "device_name": "/dev/sdg",
            "force_detach": null,
            "id": "vai-1499142986",
            "instance_id": "i-0d89e184ca8d2d002",
            "region": "eu-west-3",
            "skip_destroy": null,
            "stop_instance_before_detaching": null,
            "timeouts": null,
            "volume_id": "vol-0d0ecd0ce451db99d"
          },
          "sensitive_attributes": [],
          "identity_schema_version": 0,
          "private": "eyJlMmJmYjczMC1lY2FhLTExZTYtOGY4OC0zNDM2M2JjN2M0YzAiOnsiY3JlYXRlIjozMDAwMDAwMDAwMDAsImRlbGV0ZSI6MzAwMDAwMDAwMDAwfX0=",
          "dependencies": [
            "aws_ebs_volume.b_data_2",
            "aws_instance.instance_b",
            "aws_security_group.instance_sg",
            "aws_subnet.subnet_b",
            "aws_vpc.main",
            "data.aws_ami.al2023",
            "data.aws_availability_zones.available"
          ]
        }
      ]
    },
    {
      "mode": "managed",
      "type": "aws_vpc",
      "name": "main",
      "provider": "provider[\"registry.terraform.io/hashicorp/aws\"]",
      "instances": [
        {
          "schema_version": 1,
          "attributes": {
            "arn": "arn:aws:ec2:eu-west-3:854844097136:vpc/vpc-086ea204328728d88",
            "assign_generated_ipv6_cidr_block": false,
            "cidr_block": "10.10.0.0/16",
            "default_network_acl_id": "acl-0d5117e4e40fde7b6",
            "default_route_table_id": "rtb-020c0c86628adaf1e",
            "default_security_group_id": "sg-07d9ce173c7a1c4ed",
            "dhcp_options_id": "dopt-0f53d569c16bf91b8",
            "enable_dns_hostnames": true,
            "enable_dns_support": true,
            "enable_network_address_usage_metrics": false,
            "id": "vpc-086ea204328728d88",
            "instance_tenancy": "default",
            "ipv4_ipam_pool_id": null,
            "ipv4_netmask_length": null,
            "ipv6_association_id": "",
            "ipv6_cidr_block": "",
            "ipv6_cidr_block_network_border_group": "",
            "ipv6_ipam_pool_id": "",
            "ipv6_netmask_length": 0,
            "main_route_table_id": "rtb-020c0c86628adaf1e",
            "owner_id": "854844097136",
            "region": "eu-west-3",
            "tags": {
              "Course": "TerraformAWS",
              "Name": "vpc-atelier01",
              "Owner": "John Doe",
              "Project": "atelier01"
            },
            "tags_all": {
              "Course": "TerraformAWS",
              "Name": "vpc-atelier01",
              "Owner": "John Doe",
              "Project": "atelier01"
            }
          },
          "sensitive_attributes": [],
          "identity_schema_version": 0,
          "identity": {
            "account_id": "854844097136",
            "id": "vpc-086ea204328728d88",
            "region": "eu-west-3"
          },
          "private": "eyJzY2hlbWFfdmVyc2lvbiI6IjEifQ=="
        }
      ]
    },
    {
      "mode": "managed",
      "type": "random_id",
      "name": "bucket_suffix",
      "provider": "provider[\"registry.terraform.io/hashicorp/random\"]",
      "instances": [
        {
          "schema_version": 0,
          "attributes": {
            "b64_std": "IxhZvg==",
            "b64_url": "IxhZvg",
            "byte_length": 4,
            "dec": "588798398",
            "hex": "231859be",
            "id": "IxhZvg",
            "keepers": null,
            "prefix": null
          },
          "sensitive_attributes": [],
          "identity_schema_version": 0
        }
      ]
    }
  ],
  "check_results": [
    {
      "object_kind": "var",
      "config_addr": "var.ebs_volume_size_gb",
      "status": "pass",
      "objects": [
        {
          "object_addr": "var.ebs_volume_size_gb",
          "status": "pass"
        }
      ]
    },
    {
      "object_kind": "var",
      "config_addr": "var.project_name",
      "status": "pass",
      "objects": [
        {
          "object_addr": "var.project_name",
          "status": "pass"
        }
      ]
    }
  ]
}
